// !$*UTF8*$!
{
	archiveVersion = 1;
	classes = {
	};
	objectVersion = 46;
	objects = {

/* Begin PBXBuildFile section */
		03AFCAE9B6825943BAB9EC06 /* Pods_Simply_ZenTests.framework in Frameworks */ = {isa = PBXBuildFile; fileRef = 71CA935852B17E4A87126B14 /* Pods_Simply_ZenTests.framework */; };
		123DAEBAEEC165763E87B0AB /* Pods_Simply_Zen.framework in Frameworks */ = {isa = PBXBuildFile; fileRef = 3489C8EB9CFF7F238D4E7644 /* Pods_Simply_Zen.framework */; };
		30D5E46BCB61EA03DE7D7AFB /* Pods_Simply_ZenUITests.framework in Frameworks */ = {isa = PBXBuildFile; fileRef = E926AB633DBA407E74580E59 /* Pods_Simply_ZenUITests.framework */; };
		6502A6721ECE1C1D0018E51B /* MainMenuView.swift in Sources */ = {isa = PBXBuildFile; fileRef = 6502A6711ECE1C1D0018E51B /* MainMenuView.swift */; };
		6502A6741ECE2C080018E51B /* OpenZenMenu.xcassets in Resources */ = {isa = PBXBuildFile; fileRef = 6502A6731ECE2C080018E51B /* OpenZenMenu.xcassets */; };
		6502A6761ECE2C0F0018E51B /* OpenZenMenuView.swift in Sources */ = {isa = PBXBuildFile; fileRef = 6502A6751ECE2C0F0018E51B /* OpenZenMenuView.swift */; };
		6502A6781ECE2C850018E51B /* OpenZenMenuViewController.swift in Sources */ = {isa = PBXBuildFile; fileRef = 6502A6771ECE2C850018E51B /* OpenZenMenuViewController.swift */; };
		651F0C1D1ECF6EE600ABA621 /* GuidedZenMenu.xcassets in Resources */ = {isa = PBXBuildFile; fileRef = 651F0C1C1ECF6EE600ABA621 /* GuidedZenMenu.xcassets */; };
		651F0C1F1ECF6F0000ABA621 /* GuidedZenMenuView.swift in Sources */ = {isa = PBXBuildFile; fileRef = 651F0C1E1ECF6F0000ABA621 /* GuidedZenMenuView.swift */; };
		651F0C211ECF6F8E00ABA621 /* GuidedZenViewController.swift in Sources */ = {isa = PBXBuildFile; fileRef = 651F0C201ECF6F8E00ABA621 /* GuidedZenViewController.swift */; };
		651F0C231ECF91BE00ABA621 /* MoodZen.xcassets in Resources */ = {isa = PBXBuildFile; fileRef = 651F0C221ECF91BE00ABA621 /* MoodZen.xcassets */; };
		651F0C291ECF928500ABA621 /* MoodZenViewController.swift in Sources */ = {isa = PBXBuildFile; fileRef = 651F0C281ECF928500ABA621 /* MoodZenViewController.swift */; };
		651F0C2B1ECF951600ABA621 /* MoodZenView.swift in Sources */ = {isa = PBXBuildFile; fileRef = 651F0C2A1ECF951600ABA621 /* MoodZenView.swift */; };
		651F0C2D1ECF970300ABA621 /* MeditationViewController.swift in Sources */ = {isa = PBXBuildFile; fileRef = 651F0C2C1ECF970300ABA621 /* MeditationViewController.swift */; };
		651F0C2F1ECF974500ABA621 /* Meditation.xcassets in Resources */ = {isa = PBXBuildFile; fileRef = 651F0C2E1ECF974500ABA621 /* Meditation.xcassets */; };
		651F0C311ECF974B00ABA621 /* MeditationView.swift in Sources */ = {isa = PBXBuildFile; fileRef = 651F0C301ECF974B00ABA621 /* MeditationView.swift */; };
		652A44D71EC6791F004F57C9 /* SZCoreDataModel.xcdatamodeld in Sources */ = {isa = PBXBuildFile; fileRef = 652A44D51EC6791F004F57C9 /* SZCoreDataModel.xcdatamodeld */; };
		652BDA0D1ED511AC00D66AAE /* Settings.xcassets in Resources */ = {isa = PBXBuildFile; fileRef = 652BDA0C1ED511AC00D66AAE /* Settings.xcassets */; };
		652C2E7C1ED34DF700352BE5 /* CoreDataStack.swift in Sources */ = {isa = PBXBuildFile; fileRef = 652C2E7B1ED34DF700352BE5 /* CoreDataStack.swift */; };
		653BFFD71ED769DD008F48AA /* temp_2.mp3 in Resources */ = {isa = PBXBuildFile; fileRef = 653BFFD61ED769DD008F48AA /* temp_2.mp3 */; };
		653BFFDC1ED76A64008F48AA /* temp_6.mp3 in Resources */ = {isa = PBXBuildFile; fileRef = 653BFFD81ED76A64008F48AA /* temp_6.mp3 */; };
		653BFFDD1ED76A64008F48AA /* temp_5.mp3 in Resources */ = {isa = PBXBuildFile; fileRef = 653BFFD91ED76A64008F48AA /* temp_5.mp3 */; };
		653BFFDE1ED76A64008F48AA /* temp_4.mp3 in Resources */ = {isa = PBXBuildFile; fileRef = 653BFFDA1ED76A64008F48AA /* temp_4.mp3 */; };
		653BFFDF1ED76A64008F48AA /* temp_3.mp3 in Resources */ = {isa = PBXBuildFile; fileRef = 653BFFDB1ED76A64008F48AA /* temp_3.mp3 */; };
		653BFFE11ED76C55008F48AA /* GuidedMeditationsExtension.swift in Sources */ = {isa = PBXBuildFile; fileRef = 653BFFE01ED76C55008F48AA /* GuidedMeditationsExtension.swift */; };
		653BFFE31ED76C71008F48AA /* OpenMeditationsExtension.swift in Sources */ = {isa = PBXBuildFile; fileRef = 653BFFE21ED76C71008F48AA /* OpenMeditationsExtension.swift */; };
		653BFFE51ED76C7C008F48AA /* MoodMeditationsExtension.swift in Sources */ = {isa = PBXBuildFile; fileRef = 653BFFE41ED76C7C008F48AA /* MoodMeditationsExtension.swift */; };
		6576E2EC1ED787E000FBD40C /* Course+CoreDataClass.swift in Sources */ = {isa = PBXBuildFile; fileRef = 6576E2EA1ED787E000FBD40C /* Course+CoreDataClass.swift */; };
		6576E2ED1ED787E000FBD40C /* Course+CoreDataProperties.swift in Sources */ = {isa = PBXBuildFile; fileRef = 6576E2EB1ED787E000FBD40C /* Course+CoreDataProperties.swift */; };
		657B41881EE088CC00503868 /* TutorialPageViewController.swift in Sources */ = {isa = PBXBuildFile; fileRef = 657B41871EE088CC00503868 /* TutorialPageViewController.swift */; };
		658C9FD21ECBC6A600C71538 /* Assets.xcassets in Resources */ = {isa = PBXBuildFile; fileRef = 658C9FD11ECBC6A600C71538 /* Assets.xcassets */; };
		658C9FD81ECBC6E300C71538 /* MainMenuViewController.swift in Sources */ = {isa = PBXBuildFile; fileRef = 658C9FD71ECBC6E300C71538 /* MainMenuViewController.swift */; };
		6595C7CD1EE5F2C3007972A7 /* SessionCompleteViewController.swift in Sources */ = {isa = PBXBuildFile; fileRef = 6595C7CC1EE5F2C3007972A7 /* SessionCompleteViewController.swift */; };
		6595C7CF1EE5FAA7007972A7 /* GetQuotesRESTAPI.swift in Sources */ = {isa = PBXBuildFile; fileRef = 6595C7CE1EE5FAA7007972A7 /* GetQuotesRESTAPI.swift */; };
		659B8D831ED4E20100E6D24C /* STHeiti Light.ttc in Resources */ = {isa = PBXBuildFile; fileRef = 659B8D821ED4E1E800E6D24C /* STHeiti Light.ttc */; };
		659B8D871ED4E6B600E6D24C /* SettingsViewController.swift in Sources */ = {isa = PBXBuildFile; fileRef = 659B8D861ED4E6B600E6D24C /* SettingsViewController.swift */; };
		659E0D871ED3847900E6346D /* temp_1.mp3 in Resources */ = {isa = PBXBuildFile; fileRef = 659E0D861ED3847900E6346D /* temp_1.mp3 */; };
		659E0D961ED38B1800E6346D /* burmese-bell.mp3 in Resources */ = {isa = PBXBuildFile; fileRef = 659E0D921ED38B1800E6346D /* burmese-bell.mp3 */; };
		659E0D971ED38B1800E6346D /* kyoto-temple-bell.mp3 in Resources */ = {isa = PBXBuildFile; fileRef = 659E0D931ED38B1800E6346D /* kyoto-temple-bell.mp3 */; };
		659E0D981ED38B1800E6346D /* thai-bell.mp3 in Resources */ = {isa = PBXBuildFile; fileRef = 659E0D941ED38B1800E6346D /* thai-bell.mp3 */; };
		659E0D991ED38B1800E6346D /* tibetan-bell.mp3 in Resources */ = {isa = PBXBuildFile; fileRef = 659E0D951ED38B1800E6346D /* tibetan-bell.mp3 */; };
		659E0D9C1ED3929800E6346D /* SZLesson.swift in Sources */ = {isa = PBXBuildFile; fileRef = 659E0D9A1ED3929800E6346D /* SZLesson.swift */; };
		659E0D9D1ED3929800E6346D /* SZLessonProtocol.swift in Sources */ = {isa = PBXBuildFile; fileRef = 659E0D9B1ED3929800E6346D /* SZLessonProtocol.swift */; };
		659E0DA01ED392AF00E6346D /* SZCourse.swift in Sources */ = {isa = PBXBuildFile; fileRef = 659E0D9F1ED392AF00E6346D /* SZCourse.swift */; };
		65B7BC411EEF360F009AE298 /* Intro to Meditation.mp3 in Resources */ = {isa = PBXBuildFile; fileRef = 65B7BC3F1EEF360F009AE298 /* Intro to Meditation.mp3 */; };
		65B7BC421EEF360F009AE298 /* Learning to Breath.mp3 in Resources */ = {isa = PBXBuildFile; fileRef = 65B7BC401EEF360F009AE298 /* Learning to Breath.mp3 */; };
		65BE12C21EC500E700628802 /* AppDelegate.swift in Sources */ = {isa = PBXBuildFile; fileRef = 65BE12C11EC500E700628802 /* AppDelegate.swift */; };
		65BE12C91EC500E700628802 /* Main.storyboard in Resources */ = {isa = PBXBuildFile; fileRef = 65BE12C71EC500E700628802 /* Main.storyboard */; };
		65BE12CE1EC500E700628802 /* LaunchScreen.storyboard in Resources */ = {isa = PBXBuildFile; fileRef = 65BE12CC1EC500E700628802 /* LaunchScreen.storyboard */; };
		65BE12D91EC500E700628802 /* Simply_ZenTests.swift in Sources */ = {isa = PBXBuildFile; fileRef = 65BE12D81EC500E700628802 /* Simply_ZenTests.swift */; };
		65BE12E41EC500E700628802 /* Simply_ZenUITests.swift in Sources */ = {isa = PBXBuildFile; fileRef = 65BE12E31EC500E700628802 /* Simply_ZenUITests.swift */; };
		65C18A911EDF74E1000B29F6 /* SZNavigationController.swift in Sources */ = {isa = PBXBuildFile; fileRef = 65C18A901EDF74E1000B29F6 /* SZNavigationController.swift */; };
		65C18A931EDF768F000B29F6 /* TutorialViewController.swift in Sources */ = {isa = PBXBuildFile; fileRef = 65C18A921EDF768F000B29F6 /* TutorialViewController.swift */; };
		65CD515C1ECCD81300698F42 /* MainMenu.xcassets in Resources */ = {isa = PBXBuildFile; fileRef = 65CD515B1ECCD81300698F42 /* MainMenu.xcassets */; };
		65EB85591ED4AF3C0092FEB5 /* HealthKit.framework in Frameworks */ = {isa = PBXBuildFile; fileRef = 65EB85581ED4AF3C0092FEB5 /* HealthKit.framework */; };
		65EB855F1ED4B1730092FEB5 /* HealthKitExtension.swift in Sources */ = {isa = PBXBuildFile; fileRef = 65EB855E1ED4B1730092FEB5 /* HealthKitExtension.swift */; };
		65FD30B71ED4D57C008D76D6 /* Meditation+CoreDataClass.swift in Sources */ = {isa = PBXBuildFile; fileRef = 65FD30AF1ED4D57C008D76D6 /* Meditation+CoreDataClass.swift */; };
		65FD30B81ED4D57C008D76D6 /* Meditation+CoreDataProperties.swift in Sources */ = {isa = PBXBuildFile; fileRef = 65FD30B01ED4D57C008D76D6 /* Meditation+CoreDataProperties.swift */; };
		65FD30B91ED4D57C008D76D6 /* Lesson+CoreDataClass.swift in Sources */ = {isa = PBXBuildFile; fileRef = 65FD30B11ED4D57C008D76D6 /* Lesson+CoreDataClass.swift */; };
		65FD30BA1ED4D57C008D76D6 /* Lesson+CoreDataProperties.swift in Sources */ = {isa = PBXBuildFile; fileRef = 65FD30B21ED4D57C008D76D6 /* Lesson+CoreDataProperties.swift */; };
		65FD30BD1ED4D57C008D76D6 /* UserData+CoreDataClass.swift in Sources */ = {isa = PBXBuildFile; fileRef = 65FD30B51ED4D57C008D76D6 /* UserData+CoreDataClass.swift */; };
		65FD30BE1ED4D57C008D76D6 /* UserData+CoreDataProperties.swift in Sources */ = {isa = PBXBuildFile; fileRef = 65FD30B61ED4D57C008D76D6 /* UserData+CoreDataProperties.swift */; };
/* End PBXBuildFile section */

/* Begin PBXContainerItemProxy section */
		65BE12D51EC500E700628802 /* PBXContainerItemProxy */ = {
			isa = PBXContainerItemProxy;
			containerPortal = 65BE12B61EC500E700628802 /* Project object */;
			proxyType = 1;
			remoteGlobalIDString = 65BE12BD1EC500E700628802;
			remoteInfo = "Simply Zen";
		};
		65BE12E01EC500E700628802 /* PBXContainerItemProxy */ = {
			isa = PBXContainerItemProxy;
			containerPortal = 65BE12B61EC500E700628802 /* Project object */;
			proxyType = 1;
			remoteGlobalIDString = 65BE12BD1EC500E700628802;
			remoteInfo = "Simply Zen";
		};
/* End PBXContainerItemProxy section */

/* Begin PBXFileReference section */
		09F44175D081CBA209254172 /* Pods-Simply Zen.release.xcconfig */ = {isa = PBXFileReference; includeInIndex = 1; lastKnownFileType = text.xcconfig; name = "Pods-Simply Zen.release.xcconfig"; path = "Pods/Target Support Files/Pods-Simply Zen/Pods-Simply Zen.release.xcconfig"; sourceTree = "<group>"; };
		3155256345EDCC3305152BA5 /* Pods-Simply ZenTests.release.xcconfig */ = {isa = PBXFileReference; includeInIndex = 1; lastKnownFileType = text.xcconfig; name = "Pods-Simply ZenTests.release.xcconfig"; path = "Pods/Target Support Files/Pods-Simply ZenTests/Pods-Simply ZenTests.release.xcconfig"; sourceTree = "<group>"; };
		3489C8EB9CFF7F238D4E7644 /* Pods_Simply_Zen.framework */ = {isa = PBXFileReference; explicitFileType = wrapper.framework; includeInIndex = 0; path = Pods_Simply_Zen.framework; sourceTree = BUILT_PRODUCTS_DIR; };
		55E4E5A9048656EA4E95B602 /* Pods-Simply ZenUITests.release.xcconfig */ = {isa = PBXFileReference; includeInIndex = 1; lastKnownFileType = text.xcconfig; name = "Pods-Simply ZenUITests.release.xcconfig"; path = "Pods/Target Support Files/Pods-Simply ZenUITests/Pods-Simply ZenUITests.release.xcconfig"; sourceTree = "<group>"; };
		6502A6711ECE1C1D0018E51B /* MainMenuView.swift */ = {isa = PBXFileReference; fileEncoding = 4; lastKnownFileType = sourcecode.swift; path = MainMenuView.swift; sourceTree = "<group>"; };
		6502A6731ECE2C080018E51B /* OpenZenMenu.xcassets */ = {isa = PBXFileReference; lastKnownFileType = folder.assetcatalog; path = OpenZenMenu.xcassets; sourceTree = "<group>"; };
		6502A6751ECE2C0F0018E51B /* OpenZenMenuView.swift */ = {isa = PBXFileReference; fileEncoding = 4; lastKnownFileType = sourcecode.swift; path = OpenZenMenuView.swift; sourceTree = "<group>"; };
		6502A6771ECE2C850018E51B /* OpenZenMenuViewController.swift */ = {isa = PBXFileReference; fileEncoding = 4; lastKnownFileType = sourcecode.swift; name = OpenZenMenuViewController.swift; path = "Simply Zen/View Controllers/OpenZenMenuViewController.swift"; sourceTree = "<group>"; };
		651F0C1C1ECF6EE600ABA621 /* GuidedZenMenu.xcassets */ = {isa = PBXFileReference; lastKnownFileType = folder.assetcatalog; path = GuidedZenMenu.xcassets; sourceTree = "<group>"; };
		651F0C1E1ECF6F0000ABA621 /* GuidedZenMenuView.swift */ = {isa = PBXFileReference; fileEncoding = 4; lastKnownFileType = sourcecode.swift; path = GuidedZenMenuView.swift; sourceTree = "<group>"; };
		651F0C201ECF6F8E00ABA621 /* GuidedZenViewController.swift */ = {isa = PBXFileReference; fileEncoding = 4; lastKnownFileType = sourcecode.swift; name = GuidedZenViewController.swift; path = "Simply Zen/View Controllers/GuidedZenViewController.swift"; sourceTree = "<group>"; };
		651F0C221ECF91BE00ABA621 /* MoodZen.xcassets */ = {isa = PBXFileReference; lastKnownFileType = folder.assetcatalog; path = MoodZen.xcassets; sourceTree = "<group>"; };
		651F0C281ECF928500ABA621 /* MoodZenViewController.swift */ = {isa = PBXFileReference; fileEncoding = 4; lastKnownFileType = sourcecode.swift; name = MoodZenViewController.swift; path = "Simply Zen/View Controllers/MoodZenViewController.swift"; sourceTree = "<group>"; };
		651F0C2A1ECF951600ABA621 /* MoodZenView.swift */ = {isa = PBXFileReference; fileEncoding = 4; lastKnownFileType = sourcecode.swift; path = MoodZenView.swift; sourceTree = "<group>"; };
		651F0C2C1ECF970300ABA621 /* MeditationViewController.swift */ = {isa = PBXFileReference; fileEncoding = 4; lastKnownFileType = sourcecode.swift; name = MeditationViewController.swift; path = "Simply Zen/View Controllers/MeditationViewController.swift"; sourceTree = "<group>"; };
		651F0C2E1ECF974500ABA621 /* Meditation.xcassets */ = {isa = PBXFileReference; lastKnownFileType = folder.assetcatalog; path = Meditation.xcassets; sourceTree = "<group>"; };
		651F0C301ECF974B00ABA621 /* MeditationView.swift */ = {isa = PBXFileReference; fileEncoding = 4; lastKnownFileType = sourcecode.swift; path = MeditationView.swift; sourceTree = "<group>"; };
		652A44D61EC6791F004F57C9 /* SZCoreDataModel.xcdatamodel */ = {isa = PBXFileReference; lastKnownFileType = wrapper.xcdatamodel; path = SZCoreDataModel.xcdatamodel; sourceTree = "<group>"; };
		652BDA0C1ED511AC00D66AAE /* Settings.xcassets */ = {isa = PBXFileReference; lastKnownFileType = folder.assetcatalog; name = Settings.xcassets; path = View/Settings.xcassets; sourceTree = "<group>"; };
		652C2E7B1ED34DF700352BE5 /* CoreDataStack.swift */ = {isa = PBXFileReference; fileEncoding = 4; lastKnownFileType = sourcecode.swift; name = CoreDataStack.swift; path = "Simply Zen/Model/CoreDataStack.swift"; sourceTree = "<group>"; };
		653BFFD61ED769DD008F48AA /* temp_2.mp3 */ = {isa = PBXFileReference; lastKnownFileType = audio.mp3; path = temp_2.mp3; sourceTree = "<group>"; };
		653BFFD81ED76A64008F48AA /* temp_6.mp3 */ = {isa = PBXFileReference; lastKnownFileType = audio.mp3; path = temp_6.mp3; sourceTree = "<group>"; };
		653BFFD91ED76A64008F48AA /* temp_5.mp3 */ = {isa = PBXFileReference; lastKnownFileType = audio.mp3; path = temp_5.mp3; sourceTree = "<group>"; };
		653BFFDA1ED76A64008F48AA /* temp_4.mp3 */ = {isa = PBXFileReference; lastKnownFileType = audio.mp3; path = temp_4.mp3; sourceTree = "<group>"; };
		653BFFDB1ED76A64008F48AA /* temp_3.mp3 */ = {isa = PBXFileReference; lastKnownFileType = audio.mp3; path = temp_3.mp3; sourceTree = "<group>"; };
		653BFFE01ED76C55008F48AA /* GuidedMeditationsExtension.swift */ = {isa = PBXFileReference; fileEncoding = 4; lastKnownFileType = sourcecode.swift; name = GuidedMeditationsExtension.swift; path = "Simply Zen/Model/GuidedMeditationsExtension.swift"; sourceTree = "<group>"; };
		653BFFE21ED76C71008F48AA /* OpenMeditationsExtension.swift */ = {isa = PBXFileReference; fileEncoding = 4; lastKnownFileType = sourcecode.swift; name = OpenMeditationsExtension.swift; path = "Simply Zen/Model/OpenMeditationsExtension.swift"; sourceTree = "<group>"; };
		653BFFE41ED76C7C008F48AA /* MoodMeditationsExtension.swift */ = {isa = PBXFileReference; fileEncoding = 4; lastKnownFileType = sourcecode.swift; name = MoodMeditationsExtension.swift; path = "Simply Zen/Model/MoodMeditationsExtension.swift"; sourceTree = "<group>"; };
		6576E2EA1ED787E000FBD40C /* Course+CoreDataClass.swift */ = {isa = PBXFileReference; fileEncoding = 4; lastKnownFileType = sourcecode.swift; name = "Course+CoreDataClass.swift"; path = "Simply Zen/Model/Course+CoreDataClass.swift"; sourceTree = "<group>"; };
		6576E2EB1ED787E000FBD40C /* Course+CoreDataProperties.swift */ = {isa = PBXFileReference; fileEncoding = 4; lastKnownFileType = sourcecode.swift; name = "Course+CoreDataProperties.swift"; path = "Simply Zen/Model/Course+CoreDataProperties.swift"; sourceTree = "<group>"; };
		657B41871EE088CC00503868 /* TutorialPageViewController.swift */ = {isa = PBXFileReference; fileEncoding = 4; lastKnownFileType = sourcecode.swift; name = TutorialPageViewController.swift; path = "Simply Zen/View Controllers/TutorialPageViewController.swift"; sourceTree = "<group>"; };
		658C9FD11ECBC6A600C71538 /* Assets.xcassets */ = {isa = PBXFileReference; lastKnownFileType = folder.assetcatalog; name = Assets.xcassets; path = View/Assets.xcassets; sourceTree = "<group>"; };
		658C9FD71ECBC6E300C71538 /* MainMenuViewController.swift */ = {isa = PBXFileReference; fileEncoding = 4; lastKnownFileType = sourcecode.swift; name = MainMenuViewController.swift; path = "Simply Zen/View Controllers/MainMenuViewController.swift"; sourceTree = "<group>"; };
		6595C7CC1EE5F2C3007972A7 /* SessionCompleteViewController.swift */ = {isa = PBXFileReference; fileEncoding = 4; lastKnownFileType = sourcecode.swift; name = SessionCompleteViewController.swift; path = "Simply Zen/View Controllers/SessionCompleteViewController.swift"; sourceTree = "<group>"; };
		6595C7CE1EE5FAA7007972A7 /* GetQuotesRESTAPI.swift */ = {isa = PBXFileReference; fileEncoding = 4; lastKnownFileType = sourcecode.swift; name = GetQuotesRESTAPI.swift; path = Model/REST/GetQuotesRESTAPI.swift; sourceTree = "<group>"; };
		659B8D821ED4E1E800E6D24C /* STHeiti Light.ttc */ = {isa = PBXFileReference; lastKnownFileType = file; path = "STHeiti Light.ttc"; sourceTree = "<group>"; };
		659B8D861ED4E6B600E6D24C /* SettingsViewController.swift */ = {isa = PBXFileReference; fileEncoding = 4; lastKnownFileType = sourcecode.swift; name = SettingsViewController.swift; path = "Simply Zen/View Controllers/SettingsViewController.swift"; sourceTree = "<group>"; };
		659E0D861ED3847900E6346D /* temp_1.mp3 */ = {isa = PBXFileReference; lastKnownFileType = audio.mp3; path = temp_1.mp3; sourceTree = "<group>"; };
		659E0D921ED38B1800E6346D /* burmese-bell.mp3 */ = {isa = PBXFileReference; lastKnownFileType = audio.mp3; path = "burmese-bell.mp3"; sourceTree = "<group>"; };
		659E0D931ED38B1800E6346D /* kyoto-temple-bell.mp3 */ = {isa = PBXFileReference; lastKnownFileType = audio.mp3; path = "kyoto-temple-bell.mp3"; sourceTree = "<group>"; };
		659E0D941ED38B1800E6346D /* thai-bell.mp3 */ = {isa = PBXFileReference; lastKnownFileType = audio.mp3; path = "thai-bell.mp3"; sourceTree = "<group>"; };
		659E0D951ED38B1800E6346D /* tibetan-bell.mp3 */ = {isa = PBXFileReference; lastKnownFileType = audio.mp3; path = "tibetan-bell.mp3"; sourceTree = "<group>"; };
		659E0D9A1ED3929800E6346D /* SZLesson.swift */ = {isa = PBXFileReference; fileEncoding = 4; lastKnownFileType = sourcecode.swift; path = SZLesson.swift; sourceTree = "<group>"; };
		659E0D9B1ED3929800E6346D /* SZLessonProtocol.swift */ = {isa = PBXFileReference; fileEncoding = 4; lastKnownFileType = sourcecode.swift; path = SZLessonProtocol.swift; sourceTree = "<group>"; };
		659E0D9F1ED392AF00E6346D /* SZCourse.swift */ = {isa = PBXFileReference; fileEncoding = 4; lastKnownFileType = sourcecode.swift; path = SZCourse.swift; sourceTree = "<group>"; };
		65B7BC3F1EEF360F009AE298 /* Intro to Meditation.mp3 */ = {isa = PBXFileReference; lastKnownFileType = audio.mp3; path = "Intro to Meditation.mp3"; sourceTree = "<group>"; };
		65B7BC401EEF360F009AE298 /* Learning to Breath.mp3 */ = {isa = PBXFileReference; lastKnownFileType = audio.mp3; path = "Learning to Breath.mp3"; sourceTree = "<group>"; };
		65BE12BE1EC500E700628802 /* Simply Zen.app */ = {isa = PBXFileReference; explicitFileType = wrapper.application; includeInIndex = 0; path = "Simply Zen.app"; sourceTree = BUILT_PRODUCTS_DIR; };
		65BE12C11EC500E700628802 /* AppDelegate.swift */ = {isa = PBXFileReference; lastKnownFileType = sourcecode.swift; path = AppDelegate.swift; sourceTree = "<group>"; };
		65BE12C81EC500E700628802 /* Base */ = {isa = PBXFileReference; lastKnownFileType = file.storyboard; name = Base; path = Base.lproj/Main.storyboard; sourceTree = "<group>"; };
		65BE12CD1EC500E700628802 /* Base */ = {isa = PBXFileReference; lastKnownFileType = file.storyboard; name = Base; path = Base.lproj/LaunchScreen.storyboard; sourceTree = "<group>"; };
		65BE12CF1EC500E700628802 /* Info.plist */ = {isa = PBXFileReference; lastKnownFileType = text.plist.xml; path = Info.plist; sourceTree = "<group>"; };
		65BE12D41EC500E700628802 /* Simply ZenTests.xctest */ = {isa = PBXFileReference; explicitFileType = wrapper.cfbundle; includeInIndex = 0; path = "Simply ZenTests.xctest"; sourceTree = BUILT_PRODUCTS_DIR; };
		65BE12D81EC500E700628802 /* Simply_ZenTests.swift */ = {isa = PBXFileReference; lastKnownFileType = sourcecode.swift; path = Simply_ZenTests.swift; sourceTree = "<group>"; };
		65BE12DA1EC500E700628802 /* Info.plist */ = {isa = PBXFileReference; lastKnownFileType = text.plist.xml; path = Info.plist; sourceTree = "<group>"; };
		65BE12DF1EC500E700628802 /* Simply ZenUITests.xctest */ = {isa = PBXFileReference; explicitFileType = wrapper.cfbundle; includeInIndex = 0; path = "Simply ZenUITests.xctest"; sourceTree = BUILT_PRODUCTS_DIR; };
		65BE12E31EC500E700628802 /* Simply_ZenUITests.swift */ = {isa = PBXFileReference; lastKnownFileType = sourcecode.swift; path = Simply_ZenUITests.swift; sourceTree = "<group>"; };
		65BE12E51EC500E700628802 /* Info.plist */ = {isa = PBXFileReference; lastKnownFileType = text.plist.xml; path = Info.plist; sourceTree = "<group>"; };
		65C18A901EDF74E1000B29F6 /* SZNavigationController.swift */ = {isa = PBXFileReference; fileEncoding = 4; lastKnownFileType = sourcecode.swift; name = SZNavigationController.swift; path = "Simply Zen/View Controllers/SZNavigationController.swift"; sourceTree = "<group>"; };
		65C18A921EDF768F000B29F6 /* TutorialViewController.swift */ = {isa = PBXFileReference; fileEncoding = 4; lastKnownFileType = sourcecode.swift; name = TutorialViewController.swift; path = "Simply Zen/View Controllers/TutorialViewController.swift"; sourceTree = "<group>"; };
		65CD515B1ECCD81300698F42 /* MainMenu.xcassets */ = {isa = PBXFileReference; lastKnownFileType = folder.assetcatalog; path = MainMenu.xcassets; sourceTree = "<group>"; };
		65EB85561ED4AF3C0092FEB5 /* Simply Zen.entitlements */ = {isa = PBXFileReference; lastKnownFileType = text.plist.entitlements; path = "Simply Zen.entitlements"; sourceTree = "<group>"; };
		65EB85581ED4AF3C0092FEB5 /* HealthKit.framework */ = {isa = PBXFileReference; lastKnownFileType = wrapper.framework; name = HealthKit.framework; path = System/Library/Frameworks/HealthKit.framework; sourceTree = SDKROOT; };
		65EB855E1ED4B1730092FEB5 /* HealthKitExtension.swift */ = {isa = PBXFileReference; fileEncoding = 4; lastKnownFileType = sourcecode.swift; name = HealthKitExtension.swift; path = HealthKit/HealthKitExtension.swift; sourceTree = "<group>"; };
		65FD30AF1ED4D57C008D76D6 /* Meditation+CoreDataClass.swift */ = {isa = PBXFileReference; fileEncoding = 4; lastKnownFileType = sourcecode.swift; name = "Meditation+CoreDataClass.swift"; path = "Simply Zen/Model/Meditation+CoreDataClass.swift"; sourceTree = "<group>"; };
		65FD30B01ED4D57C008D76D6 /* Meditation+CoreDataProperties.swift */ = {isa = PBXFileReference; fileEncoding = 4; lastKnownFileType = sourcecode.swift; name = "Meditation+CoreDataProperties.swift"; path = "Simply Zen/Model/Meditation+CoreDataProperties.swift"; sourceTree = "<group>"; };
		65FD30B11ED4D57C008D76D6 /* Lesson+CoreDataClass.swift */ = {isa = PBXFileReference; fileEncoding = 4; lastKnownFileType = sourcecode.swift; name = "Lesson+CoreDataClass.swift"; path = "Simply Zen/Model/Lesson+CoreDataClass.swift"; sourceTree = "<group>"; };
		65FD30B21ED4D57C008D76D6 /* Lesson+CoreDataProperties.swift */ = {isa = PBXFileReference; fileEncoding = 4; lastKnownFileType = sourcecode.swift; name = "Lesson+CoreDataProperties.swift"; path = "Simply Zen/Model/Lesson+CoreDataProperties.swift"; sourceTree = "<group>"; };
		65FD30B51ED4D57C008D76D6 /* UserData+CoreDataClass.swift */ = {isa = PBXFileReference; fileEncoding = 4; lastKnownFileType = sourcecode.swift; name = "UserData+CoreDataClass.swift"; path = "Simply Zen/Model/UserData+CoreDataClass.swift"; sourceTree = "<group>"; };
		65FD30B61ED4D57C008D76D6 /* UserData+CoreDataProperties.swift */ = {isa = PBXFileReference; fileEncoding = 4; lastKnownFileType = sourcecode.swift; name = "UserData+CoreDataProperties.swift"; path = "Simply Zen/Model/UserData+CoreDataProperties.swift"; sourceTree = "<group>"; };
		71CA935852B17E4A87126B14 /* Pods_Simply_ZenTests.framework */ = {isa = PBXFileReference; explicitFileType = wrapper.framework; includeInIndex = 0; path = Pods_Simply_ZenTests.framework; sourceTree = BUILT_PRODUCTS_DIR; };
		D05F32C2947C585F7048C1F2 /* Pods-Simply ZenUITests.debug.xcconfig */ = {isa = PBXFileReference; includeInIndex = 1; lastKnownFileType = text.xcconfig; name = "Pods-Simply ZenUITests.debug.xcconfig"; path = "Pods/Target Support Files/Pods-Simply ZenUITests/Pods-Simply ZenUITests.debug.xcconfig"; sourceTree = "<group>"; };
		E39B9FA6C8023EEFC15DAADC /* Pods-Simply ZenTests.debug.xcconfig */ = {isa = PBXFileReference; includeInIndex = 1; lastKnownFileType = text.xcconfig; name = "Pods-Simply ZenTests.debug.xcconfig"; path = "Pods/Target Support Files/Pods-Simply ZenTests/Pods-Simply ZenTests.debug.xcconfig"; sourceTree = "<group>"; };
		E926AB633DBA407E74580E59 /* Pods_Simply_ZenUITests.framework */ = {isa = PBXFileReference; explicitFileType = wrapper.framework; includeInIndex = 0; path = Pods_Simply_ZenUITests.framework; sourceTree = BUILT_PRODUCTS_DIR; };
		EB5E7998270FE59CFA313021 /* Pods-Simply Zen.debug.xcconfig */ = {isa = PBXFileReference; includeInIndex = 1; lastKnownFileType = text.xcconfig; name = "Pods-Simply Zen.debug.xcconfig"; path = "Pods/Target Support Files/Pods-Simply Zen/Pods-Simply Zen.debug.xcconfig"; sourceTree = "<group>"; };
/* End PBXFileReference section */

/* Begin PBXFrameworksBuildPhase section */
		65BE12BB1EC500E700628802 /* Frameworks */ = {
			isa = PBXFrameworksBuildPhase;
			buildActionMask = 2147483647;
			files = (
				65EB85591ED4AF3C0092FEB5 /* HealthKit.framework in Frameworks */,
				123DAEBAEEC165763E87B0AB /* Pods_Simply_Zen.framework in Frameworks */,
			);
			runOnlyForDeploymentPostprocessing = 0;
		};
		65BE12D11EC500E700628802 /* Frameworks */ = {
			isa = PBXFrameworksBuildPhase;
			buildActionMask = 2147483647;
			files = (
				03AFCAE9B6825943BAB9EC06 /* Pods_Simply_ZenTests.framework in Frameworks */,
			);
			runOnlyForDeploymentPostprocessing = 0;
		};
		65BE12DC1EC500E700628802 /* Frameworks */ = {
			isa = PBXFrameworksBuildPhase;
			buildActionMask = 2147483647;
			files = (
				30D5E46BCB61EA03DE7D7AFB /* Pods_Simply_ZenUITests.framework in Frameworks */,
			);
			runOnlyForDeploymentPostprocessing = 0;
		};
/* End PBXFrameworksBuildPhase section */

/* Begin PBXGroup section */
		5CA9A0ADADA119655891416F /* Pods */ = {
			isa = PBXGroup;
			children = (
				EB5E7998270FE59CFA313021 /* Pods-Simply Zen.debug.xcconfig */,
				09F44175D081CBA209254172 /* Pods-Simply Zen.release.xcconfig */,
				E39B9FA6C8023EEFC15DAADC /* Pods-Simply ZenTests.debug.xcconfig */,
				3155256345EDCC3305152BA5 /* Pods-Simply ZenTests.release.xcconfig */,
				D05F32C2947C585F7048C1F2 /* Pods-Simply ZenUITests.debug.xcconfig */,
				55E4E5A9048656EA4E95B602 /* Pods-Simply ZenUITests.release.xcconfig */,
			);
			name = Pods;
			sourceTree = "<group>";
		};
		651F0C241ECF91C800ABA621 /* Assets */ = {
			isa = PBXGroup;
			children = (
				658C9FD11ECBC6A600C71538 /* Assets.xcassets */,
				65CD515B1ECCD81300698F42 /* MainMenu.xcassets */,
				6502A6731ECE2C080018E51B /* OpenZenMenu.xcassets */,
				651F0C1C1ECF6EE600ABA621 /* GuidedZenMenu.xcassets */,
				651F0C221ECF91BE00ABA621 /* MoodZen.xcassets */,
				651F0C2E1ECF974500ABA621 /* Meditation.xcassets */,
				652BDA0C1ED511AC00D66AAE /* Settings.xcassets */,
				6595C7CE1EE5FAA7007972A7 /* GetQuotesRESTAPI.swift */,
				659B8D821ED4E1E800E6D24C /* STHeiti Light.ttc */,
			);
			name = Assets;
			sourceTree = "<group>";
		};
		651F0C251ECF91D100ABA621 /* Storyboards */ = {
			isa = PBXGroup;
			children = (
				65BE12C71EC500E700628802 /* Main.storyboard */,
				65BE12CC1EC500E700628802 /* LaunchScreen.storyboard */,
			);
			name = Storyboards;
			sourceTree = "<group>";
		};
		653BFFE61ED76E30008F48AA /* Meditation Courses */ = {
			isa = PBXGroup;
			children = (
				653BFFE01ED76C55008F48AA /* GuidedMeditationsExtension.swift */,
				653BFFE21ED76C71008F48AA /* OpenMeditationsExtension.swift */,
				653BFFE41ED76C7C008F48AA /* MoodMeditationsExtension.swift */,
			);
			name = "Meditation Courses";
			sourceTree = "<group>";
		};
		658C9FC31ECBB5DC00C71538 /* View Controllers */ = {
			isa = PBXGroup;
			children = (
				658C9FD71ECBC6E300C71538 /* MainMenuViewController.swift */,
				6502A6771ECE2C850018E51B /* OpenZenMenuViewController.swift */,
				651F0C201ECF6F8E00ABA621 /* GuidedZenViewController.swift */,
				651F0C2C1ECF970300ABA621 /* MeditationViewController.swift */,
				651F0C281ECF928500ABA621 /* MoodZenViewController.swift */,
				659B8D861ED4E6B600E6D24C /* SettingsViewController.swift */,
				65C18A901EDF74E1000B29F6 /* SZNavigationController.swift */,
				6595C7CC1EE5F2C3007972A7 /* SessionCompleteViewController.swift */,
				657B41871EE088CC00503868 /* TutorialPageViewController.swift */,
				65C18A921EDF768F000B29F6 /* TutorialViewController.swift */,
				658C9FC41ECBB5F400C71538 /* Animations */,
			);
			name = "View Controllers";
			path = ..;
			sourceTree = "<group>";
		};
		658C9FC41ECBB5F400C71538 /* Animations */ = {
			isa = PBXGroup;
			children = (
				6502A6711ECE1C1D0018E51B /* MainMenuView.swift */,
				6502A6751ECE2C0F0018E51B /* OpenZenMenuView.swift */,
				651F0C1E1ECF6F0000ABA621 /* GuidedZenMenuView.swift */,
				651F0C2A1ECF951600ABA621 /* MoodZenView.swift */,
				651F0C301ECF974B00ABA621 /* MeditationView.swift */,
			);
			name = Animations;
			sourceTree = "<group>";
		};
		659E0D851ED37E8300E6346D /* Meditation Tracks */ = {
			isa = PBXGroup;
			children = (
				65D73E731EEF29BD00C2B8C0 /* Beginning Zen */,
				659E0D861ED3847900E6346D /* temp_1.mp3 */,
				653BFFD61ED769DD008F48AA /* temp_2.mp3 */,
				653BFFD81ED76A64008F48AA /* temp_6.mp3 */,
				653BFFD91ED76A64008F48AA /* temp_5.mp3 */,
				653BFFDA1ED76A64008F48AA /* temp_4.mp3 */,
				653BFFDB1ED76A64008F48AA /* temp_3.mp3 */,
			);
			name = "Meditation Tracks";
			sourceTree = "<group>";
		};
		659E0D881ED389F900E6346D /* Audio */ = {
			isa = PBXGroup;
			children = (
				659E0D911ED38A0D00E6346D /* Bells */,
				659E0D851ED37E8300E6346D /* Meditation Tracks */,
			);
			name = Audio;
			sourceTree = "<group>";
		};
		659E0D911ED38A0D00E6346D /* Bells */ = {
			isa = PBXGroup;
			children = (
				659E0D921ED38B1800E6346D /* burmese-bell.mp3 */,
				659E0D931ED38B1800E6346D /* kyoto-temple-bell.mp3 */,
				659E0D941ED38B1800E6346D /* thai-bell.mp3 */,
				659E0D951ED38B1800E6346D /* tibetan-bell.mp3 */,
			);
			name = Bells;
			sourceTree = "<group>";
		};
		659E0D9E1ED392A000E6346D /* Lessons Model */ = {
			isa = PBXGroup;
			children = (
				653BFFE61ED76E30008F48AA /* Meditation Courses */,
				659E0D9F1ED392AF00E6346D /* SZCourse.swift */,
				659E0D9A1ED3929800E6346D /* SZLesson.swift */,
				659E0D9B1ED3929800E6346D /* SZLessonProtocol.swift */,
			);
			name = "Lessons Model";
			sourceTree = "<group>";
		};
		65BE12B51EC500E700628802 = {
			isa = PBXGroup;
			children = (
				65BE12C01EC500E700628802 /* Simply Zen */,
				65BE12D71EC500E700628802 /* Simply ZenTests */,
				65BE12E21EC500E700628802 /* Simply ZenUITests */,
				65BE12BF1EC500E700628802 /* Products */,
				65EB85571ED4AF3C0092FEB5 /* Frameworks */,
				5CA9A0ADADA119655891416F /* Pods */,
			);
			sourceTree = "<group>";
		};
		65BE12BF1EC500E700628802 /* Products */ = {
			isa = PBXGroup;
			children = (
				65BE12BE1EC500E700628802 /* Simply Zen.app */,
				65BE12D41EC500E700628802 /* Simply ZenTests.xctest */,
				65BE12DF1EC500E700628802 /* Simply ZenUITests.xctest */,
			);
			name = Products;
			sourceTree = "<group>";
		};
		65BE12C01EC500E700628802 /* Simply Zen */ = {
			isa = PBXGroup;
			children = (
				65EB85561ED4AF3C0092FEB5 /* Simply Zen.entitlements */,
				65F6C9F31ECA30EA001ABBA6 /* Model */,
				65F6C9F41ECA311B001ABBA6 /* View */,
				658C9FC31ECBB5DC00C71538 /* View Controllers */,
				65F6C9F51ECA312A001ABBA6 /* Supporting Files */,
			);
			path = "Simply Zen";
			sourceTree = "<group>";
		};
		65BE12D71EC500E700628802 /* Simply ZenTests */ = {
			isa = PBXGroup;
			children = (
				65BE12D81EC500E700628802 /* Simply_ZenTests.swift */,
				65BE12DA1EC500E700628802 /* Info.plist */,
			);
			path = "Simply ZenTests";
			sourceTree = "<group>";
		};
		65BE12E21EC500E700628802 /* Simply ZenUITests */ = {
			isa = PBXGroup;
			children = (
				65BE12E31EC500E700628802 /* Simply_ZenUITests.swift */,
				65BE12E51EC500E700628802 /* Info.plist */,
			);
			path = "Simply ZenUITests";
			sourceTree = "<group>";
		};
		65C18FFF1ECA384900E6683D /* Core Data */ = {
			isa = PBXGroup;
			children = (
				65C190021ECA386E00E6683D /* Core Model */,
				65C190071ECA392E00E6683D /* Lessons Model */,
				65C190001ECA385B00E6683D /* Meditation */,
				65C190011ECA386300E6683D /* User Data */,
			);
			name = "Core Data";
			sourceTree = "<group>";
		};
		65C190001ECA385B00E6683D /* Meditation */ = {
			isa = PBXGroup;
			children = (
				65FD30AF1ED4D57C008D76D6 /* Meditation+CoreDataClass.swift */,
				65FD30B01ED4D57C008D76D6 /* Meditation+CoreDataProperties.swift */,
			);
			name = Meditation;
			sourceTree = "<group>";
		};
		65C190011ECA386300E6683D /* User Data */ = {
			isa = PBXGroup;
			children = (
				65FD30B51ED4D57C008D76D6 /* UserData+CoreDataClass.swift */,
				65FD30B61ED4D57C008D76D6 /* UserData+CoreDataProperties.swift */,
			);
			name = "User Data";
			sourceTree = "<group>";
		};
		65C190021ECA386E00E6683D /* Core Model */ = {
			isa = PBXGroup;
			children = (
				652A44D51EC6791F004F57C9 /* SZCoreDataModel.xcdatamodeld */,
				652C2E7B1ED34DF700352BE5 /* CoreDataStack.swift */,
			);
			name = "Core Model";
			sourceTree = "<group>";
		};
		65C190071ECA392E00E6683D /* Lessons Model */ = {
			isa = PBXGroup;
			children = (
				6576E2EA1ED787E000FBD40C /* Course+CoreDataClass.swift */,
				6576E2EB1ED787E000FBD40C /* Course+CoreDataProperties.swift */,
				65FD30B11ED4D57C008D76D6 /* Lesson+CoreDataClass.swift */,
				65FD30B21ED4D57C008D76D6 /* Lesson+CoreDataProperties.swift */,
			);
			name = "Lessons Model";
			sourceTree = "<group>";
		};
		65D73E731EEF29BD00C2B8C0 /* Beginning Zen */ = {
			isa = PBXGroup;
			children = (
				65B7BC3F1EEF360F009AE298 /* Intro to Meditation.mp3 */,
				65B7BC401EEF360F009AE298 /* Learning to Breath.mp3 */,
			);
			name = "Beginning Zen";
			sourceTree = "<group>";
		};
		65EB85571ED4AF3C0092FEB5 /* Frameworks */ = {
			isa = PBXGroup;
			children = (
				65EB85581ED4AF3C0092FEB5 /* HealthKit.framework */,
				3489C8EB9CFF7F238D4E7644 /* Pods_Simply_Zen.framework */,
				71CA935852B17E4A87126B14 /* Pods_Simply_ZenTests.framework */,
				E926AB633DBA407E74580E59 /* Pods_Simply_ZenUITests.framework */,
			);
			name = Frameworks;
			sourceTree = "<group>";
		};
		65F6C9F31ECA30EA001ABBA6 /* Model */ = {
			isa = PBXGroup;
			children = (
				659E0D9E1ED392A000E6346D /* Lessons Model */,
				65C18FFF1ECA384900E6683D /* Core Data */,
			);
			name = Model;
			path = ..;
			sourceTree = "<group>";
		};
		65F6C9F41ECA311B001ABBA6 /* View */ = {
			isa = PBXGroup;
			children = (
				651F0C241ECF91C800ABA621 /* Assets */,
				651F0C251ECF91D100ABA621 /* Storyboards */,
			);
			name = View;
			sourceTree = "<group>";
		};
		65F6C9F51ECA312A001ABBA6 /* Supporting Files */ = {
			isa = PBXGroup;
			children = (
				659E0D881ED389F900E6346D /* Audio */,
				65EB855E1ED4B1730092FEB5 /* HealthKitExtension.swift */,
				65BE12C11EC500E700628802 /* AppDelegate.swift */,
				65BE12CF1EC500E700628802 /* Info.plist */,
			);
			name = "Supporting Files";
			sourceTree = "<group>";
		};
/* End PBXGroup section */

/* Begin PBXNativeTarget section */
		65BE12BD1EC500E700628802 /* Simply Zen */ = {
			isa = PBXNativeTarget;
			buildConfigurationList = 65BE12E81EC500E700628802 /* Build configuration list for PBXNativeTarget "Simply Zen" */;
			buildPhases = (
				696CE0F0E8625604A5AB8AA8 /* [CP] Check Pods Manifest.lock */,
				65BE12BA1EC500E700628802 /* Sources */,
				65BE12BB1EC500E700628802 /* Frameworks */,
				65BE12BC1EC500E700628802 /* Resources */,
				126CBADC979C34B46826E78C /* [CP] Embed Pods Frameworks */,
				70D74356351F6D32BE1ECE99 /* [CP] Copy Pods Resources */,
			);
			buildRules = (
			);
			dependencies = (
			);
			name = "Simply Zen";
			productName = "Simply Zen";
			productReference = 65BE12BE1EC500E700628802 /* Simply Zen.app */;
			productType = "com.apple.product-type.application";
		};
		65BE12D31EC500E700628802 /* Simply ZenTests */ = {
			isa = PBXNativeTarget;
			buildConfigurationList = 65BE12EB1EC500E700628802 /* Build configuration list for PBXNativeTarget "Simply ZenTests" */;
			buildPhases = (
				C3309F26DE4708B1010E03FF /* [CP] Check Pods Manifest.lock */,
				65BE12D01EC500E700628802 /* Sources */,
				65BE12D11EC500E700628802 /* Frameworks */,
				65BE12D21EC500E700628802 /* Resources */,
				F208BF504D690F9345C7492A /* [CP] Embed Pods Frameworks */,
				DE878797C30B7B844B0BAC97 /* [CP] Copy Pods Resources */,
			);
			buildRules = (
			);
			dependencies = (
				65BE12D61EC500E700628802 /* PBXTargetDependency */,
			);
			name = "Simply ZenTests";
			productName = "Simply ZenTests";
			productReference = 65BE12D41EC500E700628802 /* Simply ZenTests.xctest */;
			productType = "com.apple.product-type.bundle.unit-test";
		};
		65BE12DE1EC500E700628802 /* Simply ZenUITests */ = {
			isa = PBXNativeTarget;
			buildConfigurationList = 65BE12EE1EC500E700628802 /* Build configuration list for PBXNativeTarget "Simply ZenUITests" */;
			buildPhases = (
				9FFE49554EE3EF0341339135 /* [CP] Check Pods Manifest.lock */,
				65BE12DB1EC500E700628802 /* Sources */,
				65BE12DC1EC500E700628802 /* Frameworks */,
				65BE12DD1EC500E700628802 /* Resources */,
				F7801BA9D2BF26ED58F840E1 /* [CP] Embed Pods Frameworks */,
				F4B6CEBA71DF696336D16E1D /* [CP] Copy Pods Resources */,
			);
			buildRules = (
			);
			dependencies = (
				65BE12E11EC500E700628802 /* PBXTargetDependency */,
			);
			name = "Simply ZenUITests";
			productName = "Simply ZenUITests";
			productReference = 65BE12DF1EC500E700628802 /* Simply ZenUITests.xctest */;
			productType = "com.apple.product-type.bundle.ui-testing";
		};
/* End PBXNativeTarget section */

/* Begin PBXProject section */
		65BE12B61EC500E700628802 /* Project object */ = {
			isa = PBXProject;
			attributes = {
				LastSwiftUpdateCheck = 0830;
				LastUpgradeCheck = 0830;
				ORGANIZATIONNAME = "Daniel Pratt";
				TargetAttributes = {
					65BE12BD1EC500E700628802 = {
						CreatedOnToolsVersion = 8.3.2;
						DevelopmentTeam = ZJ769HHQS2;
						ProvisioningStyle = Automatic;
						SystemCapabilities = {
							com.apple.BackgroundModes = {
								enabled = 0;
							};
							com.apple.HealthKit = {
								enabled = 1;
							};
						};
					};
					65BE12D31EC500E700628802 = {
						CreatedOnToolsVersion = 8.3.2;
						DevelopmentTeam = ZJ769HHQS2;
						ProvisioningStyle = Automatic;
						TestTargetID = 65BE12BD1EC500E700628802;
					};
					65BE12DE1EC500E700628802 = {
						CreatedOnToolsVersion = 8.3.2;
						DevelopmentTeam = ZJ769HHQS2;
						ProvisioningStyle = Automatic;
						TestTargetID = 65BE12BD1EC500E700628802;
					};
				};
			};
			buildConfigurationList = 65BE12B91EC500E700628802 /* Build configuration list for PBXProject "Simply Zen" */;
			compatibilityVersion = "Xcode 3.2";
			developmentRegion = English;
			hasScannedForEncodings = 0;
			knownRegions = (
				en,
				Base,
			);
			mainGroup = 65BE12B51EC500E700628802;
			productRefGroup = 65BE12BF1EC500E700628802 /* Products */;
			projectDirPath = "";
			projectRoot = "";
			targets = (
				65BE12BD1EC500E700628802 /* Simply Zen */,
				65BE12D31EC500E700628802 /* Simply ZenTests */,
				65BE12DE1EC500E700628802 /* Simply ZenUITests */,
			);
		};
/* End PBXProject section */

/* Begin PBXResourcesBuildPhase section */
		65BE12BC1EC500E700628802 /* Resources */ = {
			isa = PBXResourcesBuildPhase;
			buildActionMask = 2147483647;
			files = (
				659B8D831ED4E20100E6D24C /* STHeiti Light.ttc in Resources */,
				659E0D991ED38B1800E6346D /* tibetan-bell.mp3 in Resources */,
				651F0C1D1ECF6EE600ABA621 /* GuidedZenMenu.xcassets in Resources */,
				659E0D871ED3847900E6346D /* temp_1.mp3 in Resources */,
				653BFFDF1ED76A64008F48AA /* temp_3.mp3 in Resources */,
				65B7BC421EEF360F009AE298 /* Learning to Breath.mp3 in Resources */,
				65B7BC411EEF360F009AE298 /* Intro to Meditation.mp3 in Resources */,
				659E0D961ED38B1800E6346D /* burmese-bell.mp3 in Resources */,
				65BE12CE1EC500E700628802 /* LaunchScreen.storyboard in Resources */,
				658C9FD21ECBC6A600C71538 /* Assets.xcassets in Resources */,
				65BE12C91EC500E700628802 /* Main.storyboard in Resources */,
				65CD515C1ECCD81300698F42 /* MainMenu.xcassets in Resources */,
				659E0D971ED38B1800E6346D /* kyoto-temple-bell.mp3 in Resources */,
				653BFFDC1ED76A64008F48AA /* temp_6.mp3 in Resources */,
				651F0C2F1ECF974500ABA621 /* Meditation.xcassets in Resources */,
				653BFFDE1ED76A64008F48AA /* temp_4.mp3 in Resources */,
				653BFFDD1ED76A64008F48AA /* temp_5.mp3 in Resources */,
				659E0D981ED38B1800E6346D /* thai-bell.mp3 in Resources */,
				651F0C231ECF91BE00ABA621 /* MoodZen.xcassets in Resources */,
				6502A6741ECE2C080018E51B /* OpenZenMenu.xcassets in Resources */,
				652BDA0D1ED511AC00D66AAE /* Settings.xcassets in Resources */,
				653BFFD71ED769DD008F48AA /* temp_2.mp3 in Resources */,
			);
			runOnlyForDeploymentPostprocessing = 0;
		};
		65BE12D21EC500E700628802 /* Resources */ = {
			isa = PBXResourcesBuildPhase;
			buildActionMask = 2147483647;
			files = (
			);
			runOnlyForDeploymentPostprocessing = 0;
		};
		65BE12DD1EC500E700628802 /* Resources */ = {
			isa = PBXResourcesBuildPhase;
			buildActionMask = 2147483647;
			files = (
			);
			runOnlyForDeploymentPostprocessing = 0;
		};
/* End PBXResourcesBuildPhase section */

/* Begin PBXShellScriptBuildPhase section */
		126CBADC979C34B46826E78C /* [CP] Embed Pods Frameworks */ = {
			isa = PBXShellScriptBuildPhase;
			buildActionMask = 2147483647;
			files = (
			);
			inputPaths = (
			);
			name = "[CP] Embed Pods Frameworks";
			outputPaths = (
			);
			runOnlyForDeploymentPostprocessing = 0;
			shellPath = /bin/sh;
			shellScript = "\"${SRCROOT}/Pods/Target Support Files/Pods-Simply Zen/Pods-Simply Zen-frameworks.sh\"\n";
			showEnvVarsInLog = 0;
		};
		696CE0F0E8625604A5AB8AA8 /* [CP] Check Pods Manifest.lock */ = {
			isa = PBXShellScriptBuildPhase;
			buildActionMask = 2147483647;
			files = (
			);
			inputPaths = (
			);
			name = "[CP] Check Pods Manifest.lock";
			outputPaths = (
			);
			runOnlyForDeploymentPostprocessing = 0;
			shellPath = /bin/sh;
			shellScript = "diff \"${PODS_PODFILE_DIR_PATH}/Podfile.lock\" \"${PODS_ROOT}/Manifest.lock\" > /dev/null\nif [ $? != 0 ] ; then\n    # print error to STDERR\n    echo \"error: The sandbox is not in sync with the Podfile.lock. Run 'pod install' or update your CocoaPods installation.\" >&2\n    exit 1\nfi\n";
			showEnvVarsInLog = 0;
		};
		70D74356351F6D32BE1ECE99 /* [CP] Copy Pods Resources */ = {
			isa = PBXShellScriptBuildPhase;
			buildActionMask = 2147483647;
			files = (
			);
			inputPaths = (
			);
			name = "[CP] Copy Pods Resources";
			outputPaths = (
			);
			runOnlyForDeploymentPostprocessing = 0;
			shellPath = /bin/sh;
			shellScript = "\"${SRCROOT}/Pods/Target Support Files/Pods-Simply Zen/Pods-Simply Zen-resources.sh\"\n";
			showEnvVarsInLog = 0;
		};
		9FFE49554EE3EF0341339135 /* [CP] Check Pods Manifest.lock */ = {
			isa = PBXShellScriptBuildPhase;
			buildActionMask = 2147483647;
			files = (
			);
			inputPaths = (
			);
			name = "[CP] Check Pods Manifest.lock";
			outputPaths = (
			);
			runOnlyForDeploymentPostprocessing = 0;
			shellPath = /bin/sh;
			shellScript = "diff \"${PODS_PODFILE_DIR_PATH}/Podfile.lock\" \"${PODS_ROOT}/Manifest.lock\" > /dev/null\nif [ $? != 0 ] ; then\n    # print error to STDERR\n    echo \"error: The sandbox is not in sync with the Podfile.lock. Run 'pod install' or update your CocoaPods installation.\" >&2\n    exit 1\nfi\n";
			showEnvVarsInLog = 0;
		};
		C3309F26DE4708B1010E03FF /* [CP] Check Pods Manifest.lock */ = {
			isa = PBXShellScriptBuildPhase;
			buildActionMask = 2147483647;
			files = (
			);
			inputPaths = (
			);
			name = "[CP] Check Pods Manifest.lock";
			outputPaths = (
			);
			runOnlyForDeploymentPostprocessing = 0;
			shellPath = /bin/sh;
			shellScript = "diff \"${PODS_PODFILE_DIR_PATH}/Podfile.lock\" \"${PODS_ROOT}/Manifest.lock\" > /dev/null\nif [ $? != 0 ] ; then\n    # print error to STDERR\n    echo \"error: The sandbox is not in sync with the Podfile.lock. Run 'pod install' or update your CocoaPods installation.\" >&2\n    exit 1\nfi\n";
			showEnvVarsInLog = 0;
		};
		DE878797C30B7B844B0BAC97 /* [CP] Copy Pods Resources */ = {
			isa = PBXShellScriptBuildPhase;
			buildActionMask = 2147483647;
			files = (
			);
			inputPaths = (
			);
			name = "[CP] Copy Pods Resources";
			outputPaths = (
			);
			runOnlyForDeploymentPostprocessing = 0;
			shellPath = /bin/sh;
			shellScript = "\"${SRCROOT}/Pods/Target Support Files/Pods-Simply ZenTests/Pods-Simply ZenTests-resources.sh\"\n";
			showEnvVarsInLog = 0;
		};
		F208BF504D690F9345C7492A /* [CP] Embed Pods Frameworks */ = {
			isa = PBXShellScriptBuildPhase;
			buildActionMask = 2147483647;
			files = (
			);
			inputPaths = (
			);
			name = "[CP] Embed Pods Frameworks";
			outputPaths = (
			);
			runOnlyForDeploymentPostprocessing = 0;
			shellPath = /bin/sh;
			shellScript = "\"${SRCROOT}/Pods/Target Support Files/Pods-Simply ZenTests/Pods-Simply ZenTests-frameworks.sh\"\n";
			showEnvVarsInLog = 0;
		};
		F4B6CEBA71DF696336D16E1D /* [CP] Copy Pods Resources */ = {
			isa = PBXShellScriptBuildPhase;
			buildActionMask = 2147483647;
			files = (
			);
			inputPaths = (
			);
			name = "[CP] Copy Pods Resources";
			outputPaths = (
			);
			runOnlyForDeploymentPostprocessing = 0;
			shellPath = /bin/sh;
			shellScript = "\"${SRCROOT}/Pods/Target Support Files/Pods-Simply ZenUITests/Pods-Simply ZenUITests-resources.sh\"\n";
			showEnvVarsInLog = 0;
		};
		F7801BA9D2BF26ED58F840E1 /* [CP] Embed Pods Frameworks */ = {
			isa = PBXShellScriptBuildPhase;
			buildActionMask = 2147483647;
			files = (
			);
			inputPaths = (
			);
			name = "[CP] Embed Pods Frameworks";
			outputPaths = (
			);
			runOnlyForDeploymentPostprocessing = 0;
			shellPath = /bin/sh;
			shellScript = "\"${SRCROOT}/Pods/Target Support Files/Pods-Simply ZenUITests/Pods-Simply ZenUITests-frameworks.sh\"\n";
			showEnvVarsInLog = 0;
		};
/* End PBXShellScriptBuildPhase section */

/* Begin PBXSourcesBuildPhase section */
		65BE12BA1EC500E700628802 /* Sources */ = {
			isa = PBXSourcesBuildPhase;
			buildActionMask = 2147483647;
			files = (
				651F0C2B1ECF951600ABA621 /* MoodZenView.swift in Sources */,
				651F0C311ECF974B00ABA621 /* MeditationView.swift in Sources */,
				65FD30BA1ED4D57C008D76D6 /* Lesson+CoreDataProperties.swift in Sources */,
				659E0D9D1ED3929800E6346D /* SZLessonProtocol.swift in Sources */,
				65EB855F1ED4B1730092FEB5 /* HealthKitExtension.swift in Sources */,
				651F0C291ECF928500ABA621 /* MoodZenViewController.swift in Sources */,
				6595C7CF1EE5FAA7007972A7 /* GetQuotesRESTAPI.swift in Sources */,
				65FD30BE1ED4D57C008D76D6 /* UserData+CoreDataProperties.swift in Sources */,
				65FD30B91ED4D57C008D76D6 /* Lesson+CoreDataClass.swift in Sources */,
				659E0D9C1ED3929800E6346D /* SZLesson.swift in Sources */,
				653BFFE51ED76C7C008F48AA /* MoodMeditationsExtension.swift in Sources */,
				653BFFE31ED76C71008F48AA /* OpenMeditationsExtension.swift in Sources */,
				6502A6721ECE1C1D0018E51B /* MainMenuView.swift in Sources */,
				65FD30B71ED4D57C008D76D6 /* Meditation+CoreDataClass.swift in Sources */,
				65BE12C21EC500E700628802 /* AppDelegate.swift in Sources */,
				65FD30BD1ED4D57C008D76D6 /* UserData+CoreDataClass.swift in Sources */,
				6502A6761ECE2C0F0018E51B /* OpenZenMenuView.swift in Sources */,
				653BFFE11ED76C55008F48AA /* GuidedMeditationsExtension.swift in Sources */,
				659E0DA01ED392AF00E6346D /* SZCourse.swift in Sources */,
				651F0C211ECF6F8E00ABA621 /* GuidedZenViewController.swift in Sources */,
				658C9FD81ECBC6E300C71538 /* MainMenuViewController.swift in Sources */,
				6595C7CD1EE5F2C3007972A7 /* SessionCompleteViewController.swift in Sources */,
				65FD30B81ED4D57C008D76D6 /* Meditation+CoreDataProperties.swift in Sources */,
				651F0C2D1ECF970300ABA621 /* MeditationViewController.swift in Sources */,
				657B41881EE088CC00503868 /* TutorialPageViewController.swift in Sources */,
				65C18A911EDF74E1000B29F6 /* SZNavigationController.swift in Sources */,
				6576E2EC1ED787E000FBD40C /* Course+CoreDataClass.swift in Sources */,
				6502A6781ECE2C850018E51B /* OpenZenMenuViewController.swift in Sources */,
				652C2E7C1ED34DF700352BE5 /* CoreDataStack.swift in Sources */,
				659B8D871ED4E6B600E6D24C /* SettingsViewController.swift in Sources */,
				65C18A931EDF768F000B29F6 /* TutorialViewController.swift in Sources */,
				6576E2ED1ED787E000FBD40C /* Course+CoreDataProperties.swift in Sources */,
				652A44D71EC6791F004F57C9 /* SZCoreDataModel.xcdatamodeld in Sources */,
				651F0C1F1ECF6F0000ABA621 /* GuidedZenMenuView.swift in Sources */,
			);
			runOnlyForDeploymentPostprocessing = 0;
		};
		65BE12D01EC500E700628802 /* Sources */ = {
			isa = PBXSourcesBuildPhase;
			buildActionMask = 2147483647;
			files = (
				65BE12D91EC500E700628802 /* Simply_ZenTests.swift in Sources */,
			);
			runOnlyForDeploymentPostprocessing = 0;
		};
		65BE12DB1EC500E700628802 /* Sources */ = {
			isa = PBXSourcesBuildPhase;
			buildActionMask = 2147483647;
			files = (
				65BE12E41EC500E700628802 /* Simply_ZenUITests.swift in Sources */,
			);
			runOnlyForDeploymentPostprocessing = 0;
		};
/* End PBXSourcesBuildPhase section */

/* Begin PBXTargetDependency section */
		65BE12D61EC500E700628802 /* PBXTargetDependency */ = {
			isa = PBXTargetDependency;
			target = 65BE12BD1EC500E700628802 /* Simply Zen */;
			targetProxy = 65BE12D51EC500E700628802 /* PBXContainerItemProxy */;
		};
		65BE12E11EC500E700628802 /* PBXTargetDependency */ = {
			isa = PBXTargetDependency;
			target = 65BE12BD1EC500E700628802 /* Simply Zen */;
			targetProxy = 65BE12E01EC500E700628802 /* PBXContainerItemProxy */;
		};
/* End PBXTargetDependency section */

/* Begin PBXVariantGroup section */
		65BE12C71EC500E700628802 /* Main.storyboard */ = {
			isa = PBXVariantGroup;
			children = (
				65BE12C81EC500E700628802 /* Base */,
			);
			name = Main.storyboard;
			sourceTree = "<group>";
		};
		65BE12CC1EC500E700628802 /* LaunchScreen.storyboard */ = {
			isa = PBXVariantGroup;
			children = (
				65BE12CD1EC500E700628802 /* Base */,
			);
			name = LaunchScreen.storyboard;
			sourceTree = "<group>";
		};
/* End PBXVariantGroup section */

/* Begin XCBuildConfiguration section */
		65BE12E61EC500E700628802 /* Debug */ = {
			isa = XCBuildConfiguration;
			buildSettings = {
				ALWAYS_SEARCH_USER_PATHS = NO;
				CLANG_ANALYZER_NONNULL = YES;
				CLANG_ANALYZER_NUMBER_OBJECT_CONVERSION = YES_AGGRESSIVE;
				CLANG_CXX_LANGUAGE_STANDARD = "gnu++0x";
				CLANG_CXX_LIBRARY = "libc++";
				CLANG_ENABLE_MODULES = YES;
				CLANG_ENABLE_OBJC_ARC = YES;
				CLANG_WARN_BOOL_CONVERSION = YES;
				CLANG_WARN_CONSTANT_CONVERSION = YES;
				CLANG_WARN_DIRECT_OBJC_ISA_USAGE = YES_ERROR;
				CLANG_WARN_DOCUMENTATION_COMMENTS = YES;
				CLANG_WARN_EMPTY_BODY = YES;
				CLANG_WARN_ENUM_CONVERSION = YES;
				CLANG_WARN_INFINITE_RECURSION = YES;
				CLANG_WARN_INT_CONVERSION = YES;
				CLANG_WARN_OBJC_ROOT_CLASS = YES_ERROR;
				CLANG_WARN_SUSPICIOUS_MOVE = YES;
				CLANG_WARN_UNREACHABLE_CODE = YES;
				CLANG_WARN__DUPLICATE_METHOD_MATCH = YES;
				"CODE_SIGN_IDENTITY[sdk=iphoneos*]" = "iPhone Developer";
				COPY_PHASE_STRIP = NO;
				DEBUG_INFORMATION_FORMAT = dwarf;
				ENABLE_STRICT_OBJC_MSGSEND = YES;
				ENABLE_TESTABILITY = YES;
				GCC_C_LANGUAGE_STANDARD = gnu99;
				GCC_DYNAMIC_NO_PIC = NO;
				GCC_NO_COMMON_BLOCKS = YES;
				GCC_OPTIMIZATION_LEVEL = 0;
				GCC_PREPROCESSOR_DEFINITIONS = (
					"DEBUG=1",
					"$(inherited)",
				);
				GCC_WARN_64_TO_32_BIT_CONVERSION = YES;
				GCC_WARN_ABOUT_RETURN_TYPE = YES_ERROR;
				GCC_WARN_UNDECLARED_SELECTOR = YES;
				GCC_WARN_UNINITIALIZED_AUTOS = YES_AGGRESSIVE;
				GCC_WARN_UNUSED_FUNCTION = YES;
				GCC_WARN_UNUSED_VARIABLE = YES;
				IPHONEOS_DEPLOYMENT_TARGET = 10.3;
				MTL_ENABLE_DEBUG_INFO = YES;
				ONLY_ACTIVE_ARCH = YES;
				SDKROOT = iphoneos;
				SWIFT_ACTIVE_COMPILATION_CONDITIONS = DEBUG;
				SWIFT_OPTIMIZATION_LEVEL = "-Onone";
				TARGETED_DEVICE_FAMILY = "1,2";
			};
			name = Debug;
		};
		65BE12E71EC500E700628802 /* Release */ = {
			isa = XCBuildConfiguration;
			buildSettings = {
				ALWAYS_SEARCH_USER_PATHS = NO;
				CLANG_ANALYZER_NONNULL = YES;
				CLANG_ANALYZER_NUMBER_OBJECT_CONVERSION = YES_AGGRESSIVE;
				CLANG_CXX_LANGUAGE_STANDARD = "gnu++0x";
				CLANG_CXX_LIBRARY = "libc++";
				CLANG_ENABLE_MODULES = YES;
				CLANG_ENABLE_OBJC_ARC = YES;
				CLANG_WARN_BOOL_CONVERSION = YES;
				CLANG_WARN_CONSTANT_CONVERSION = YES;
				CLANG_WARN_DIRECT_OBJC_ISA_USAGE = YES_ERROR;
				CLANG_WARN_DOCUMENTATION_COMMENTS = YES;
				CLANG_WARN_EMPTY_BODY = YES;
				CLANG_WARN_ENUM_CONVERSION = YES;
				CLANG_WARN_INFINITE_RECURSION = YES;
				CLANG_WARN_INT_CONVERSION = YES;
				CLANG_WARN_OBJC_ROOT_CLASS = YES_ERROR;
				CLANG_WARN_SUSPICIOUS_MOVE = YES;
				CLANG_WARN_UNREACHABLE_CODE = YES;
				CLANG_WARN__DUPLICATE_METHOD_MATCH = YES;
				"CODE_SIGN_IDENTITY[sdk=iphoneos*]" = "iPhone Developer";
				COPY_PHASE_STRIP = NO;
				DEBUG_INFORMATION_FORMAT = "dwarf-with-dsym";
				ENABLE_NS_ASSERTIONS = NO;
				ENABLE_STRICT_OBJC_MSGSEND = YES;
				GCC_C_LANGUAGE_STANDARD = gnu99;
				GCC_NO_COMMON_BLOCKS = YES;
				GCC_WARN_64_TO_32_BIT_CONVERSION = YES;
				GCC_WARN_ABOUT_RETURN_TYPE = YES_ERROR;
				GCC_WARN_UNDECLARED_SELECTOR = YES;
				GCC_WARN_UNINITIALIZED_AUTOS = YES_AGGRESSIVE;
				GCC_WARN_UNUSED_FUNCTION = YES;
				GCC_WARN_UNUSED_VARIABLE = YES;
				IPHONEOS_DEPLOYMENT_TARGET = 10.3;
				MTL_ENABLE_DEBUG_INFO = NO;
				SDKROOT = iphoneos;
				SWIFT_OPTIMIZATION_LEVEL = "-Owholemodule";
				TARGETED_DEVICE_FAMILY = "1,2";
				VALIDATE_PRODUCT = YES;
			};
			name = Release;
		};
		65BE12E91EC500E700628802 /* Debug */ = {
			isa = XCBuildConfiguration;
			baseConfigurationReference = EB5E7998270FE59CFA313021 /* Pods-Simply Zen.debug.xcconfig */;
			buildSettings = {
				ASSETCATALOG_COMPILER_APPICON_NAME = AppIcon;
				CODE_SIGN_ENTITLEMENTS = "Simply Zen/Simply Zen.entitlements";
				DEVELOPMENT_TEAM = ZJ769HHQS2;
				INFOPLIST_FILE = "Simply Zen/Info.plist";
				LD_RUNPATH_SEARCH_PATHS = "$(inherited) @executable_path/Frameworks";
				PRODUCT_BUNDLE_IDENTIFIER = "com.blaumagier.Simply-Zen";
				PRODUCT_NAME = "$(TARGET_NAME)";
				SWIFT_VERSION = 3.0;
				TARGETED_DEVICE_FAMILY = 1;
			};
			name = Debug;
		};
		65BE12EA1EC500E700628802 /* Release */ = {
			isa = XCBuildConfiguration;
			baseConfigurationReference = 09F44175D081CBA209254172 /* Pods-Simply Zen.release.xcconfig */;
			buildSettings = {
				ASSETCATALOG_COMPILER_APPICON_NAME = AppIcon;
				CODE_SIGN_ENTITLEMENTS = "Simply Zen/Simply Zen.entitlements";
				DEVELOPMENT_TEAM = ZJ769HHQS2;
				INFOPLIST_FILE = "Simply Zen/Info.plist";
				LD_RUNPATH_SEARCH_PATHS = "$(inherited) @executable_path/Frameworks";
				PRODUCT_BUNDLE_IDENTIFIER = "com.blaumagier.Simply-Zen";
				PRODUCT_NAME = "$(TARGET_NAME)";
				SWIFT_VERSION = 3.0;
				TARGETED_DEVICE_FAMILY = 1;
			};
			name = Release;
		};
		65BE12EC1EC500E700628802 /* Debug */ = {
			isa = XCBuildConfiguration;
			baseConfigurationReference = E39B9FA6C8023EEFC15DAADC /* Pods-Simply ZenTests.debug.xcconfig */;
			buildSettings = {
				ALWAYS_EMBED_SWIFT_STANDARD_LIBRARIES = YES;
				BUNDLE_LOADER = "$(TEST_HOST)";
				DEVELOPMENT_TEAM = ZJ769HHQS2;
				INFOPLIST_FILE = "Simply ZenTests/Info.plist";
				LD_RUNPATH_SEARCH_PATHS = "$(inherited) @executable_path/Frameworks @loader_path/Frameworks";
				PRODUCT_BUNDLE_IDENTIFIER = "com.blaumagier.Simply-ZenTests";
				PRODUCT_NAME = "$(TARGET_NAME)";
				SWIFT_VERSION = 3.0;
				TEST_HOST = "$(BUILT_PRODUCTS_DIR)/Simply Zen.app/Simply Zen";
			};
			name = Debug;
		};
		65BE12ED1EC500E700628802 /* Release */ = {
			isa = XCBuildConfiguration;
			baseConfigurationReference = 3155256345EDCC3305152BA5 /* Pods-Simply ZenTests.release.xcconfig */;
			buildSettings = {
				ALWAYS_EMBED_SWIFT_STANDARD_LIBRARIES = YES;
				BUNDLE_LOADER = "$(TEST_HOST)";
				DEVELOPMENT_TEAM = ZJ769HHQS2;
				INFOPLIST_FILE = "Simply ZenTests/Info.plist";
				LD_RUNPATH_SEARCH_PATHS = "$(inherited) @executable_path/Frameworks @loader_path/Frameworks";
				PRODUCT_BUNDLE_IDENTIFIER = "com.blaumagier.Simply-ZenTests";
				PRODUCT_NAME = "$(TARGET_NAME)";
				SWIFT_VERSION = 3.0;
				TEST_HOST = "$(BUILT_PRODUCTS_DIR)/Simply Zen.app/Simply Zen";
			};
			name = Release;
		};
		65BE12EF1EC500E700628802 /* Debug */ = {
			isa = XCBuildConfiguration;
			baseConfigurationReference = D05F32C2947C585F7048C1F2 /* Pods-Simply ZenUITests.debug.xcconfig */;
			buildSettings = {
				ALWAYS_EMBED_SWIFT_STANDARD_LIBRARIES = YES;
				DEVELOPMENT_TEAM = ZJ769HHQS2;
				INFOPLIST_FILE = "Simply ZenUITests/Info.plist";
				LD_RUNPATH_SEARCH_PATHS = "$(inherited) @executable_path/Frameworks @loader_path/Frameworks";
				PRODUCT_BUNDLE_IDENTIFIER = "com.blaumagier.Simply-ZenUITests";
				PRODUCT_NAME = "$(TARGET_NAME)";
				SWIFT_VERSION = 3.0;
				TEST_TARGET_NAME = "Simply Zen";
			};
			name = Debug;
		};
		65BE12F01EC500E700628802 /* Release */ = {
			isa = XCBuildConfiguration;
			baseConfigurationReference = 55E4E5A9048656EA4E95B602 /* Pods-Simply ZenUITests.release.xcconfig */;
			buildSettings = {
				ALWAYS_EMBED_SWIFT_STANDARD_LIBRARIES = YES;
				DEVELOPMENT_TEAM = ZJ769HHQS2;
				INFOPLIST_FILE = "Simply ZenUITests/Info.plist";
				LD_RUNPATH_SEARCH_PATHS = "$(inherited) @executable_path/Frameworks @loader_path/Frameworks";
				PRODUCT_BUNDLE_IDENTIFIER = "com.blaumagier.Simply-ZenUITests";
				PRODUCT_NAME = "$(TARGET_NAME)";
				SWIFT_VERSION = 3.0;
				TEST_TARGET_NAME = "Simply Zen";
			};
			name = Release;
		};
/* End XCBuildConfiguration section */

/* Begin XCConfigurationList section */
		65BE12B91EC500E700628802 /* Build configuration list for PBXProject "Simply Zen" */ = {
			isa = XCConfigurationList;
			buildConfigurations = (
				65BE12E61EC500E700628802 /* Debug */,
				65BE12E71EC500E700628802 /* Release */,
			);
			defaultConfigurationIsVisible = 0;
			defaultConfigurationName = Debug;
		};
		65BE12E81EC500E700628802 /* Build configuration list for PBXNativeTarget "Simply Zen" */ = {
			isa = XCConfigurationList;
			buildConfigurations = (
				65BE12E91EC500E700628802 /* Debug */,
				65BE12EA1EC500E700628802 /* Release */,
			);
			defaultConfigurationIsVisible = 0;
			defaultConfigurationName = Debug;
		};
		65BE12EB1EC500E700628802 /* Build configuration list for PBXNativeTarget "Simply ZenTests" */ = {
			isa = XCConfigurationList;
			buildConfigurations = (
				65BE12EC1EC500E700628802 /* Debug */,
				65BE12ED1EC500E700628802 /* Release */,
			);
			defaultConfigurationIsVisible = 0;
			defaultConfigurationName = Debug;
		};
		65BE12EE1EC500E700628802 /* Build configuration list for PBXNativeTarget "Simply ZenUITests" */ = {
			isa = XCConfigurationList;
			buildConfigurations = (
				65BE12EF1EC500E700628802 /* Debug */,
				65BE12F01EC500E700628802 /* Release */,
			);
			defaultConfigurationIsVisible = 0;
			defaultConfigurationName = Debug;
		};
/* End XCConfigurationList section */

/* Begin XCVersionGroup section */
		652A44D51EC6791F004F57C9 /* SZCoreDataModel.xcdatamodeld */ = {
			isa = XCVersionGroup;
			children = (
				652A44D61EC6791F004F57C9 /* SZCoreDataModel.xcdatamodel */,
			);
			currentVersion = 652A44D61EC6791F004F57C9 /* SZCoreDataModel.xcdatamodel */;
			name = SZCoreDataModel.xcdatamodeld;
			path = "Simply Zen/Model/SZCoreDataModel.xcdatamodeld";
			sourceTree = "<group>";
			versionGroupType = wrapper.xcdatamodel;
		};
/* End XCVersionGroup section */
	};
	rootObject = 65BE12B61EC500E700628802 /* Project object */;
}
